<?xml version="1.0" encoding="utf-8"?>
<Project xmlns="http://schemas.microsoft.com/developer/msbuild/2003">
  <ItemGroup>
    <Filter Include="Form Files">
      <UniqueIdentifier>{99349809-55BA-4b9d-BF79-8FDBB0286EB3}</UniqueIdentifier>
      <Extensions>ui</Extensions>
      <ParseFiles>false</ParseFiles>
    </Filter>
    <Filter Include="Form Files">
      <UniqueIdentifier>{99349809-55BA-4b9d-BF79-8FDBB0286EB3}</UniqueIdentifier>
      <Extensions>ui</Extensions>
      <ParseFiles>false</ParseFiles>
    </Filter>
    <Filter Include="Generated Files">
      <UniqueIdentifier>{71ED8ED8-ACB9-4CE9-BBE1-E00B30144E11}</UniqueIdentifier>
      <Extensions>cpp;c;cxx;moc;h;def;odl;idl;res;</Extensions>
    </Filter>
    <Filter Include="Generated Files">
      <UniqueIdentifier>{71ED8ED8-ACB9-4CE9-BBE1-E00B30144E11}</UniqueIdentifier>
      <Extensions>cpp;c;cxx;moc;h;def;odl;idl;res;</Extensions>
    </Filter>
    <Filter Include="Header Files">
      <UniqueIdentifier>{93995380-89BD-4b04-88EB-625FBE52EBFB}</UniqueIdentifier>
      <Extensions>h;hpp;hxx;hm;inl;inc;xsd</Extensions>
    </Filter>
    <Filter Include="Header Files">
      <UniqueIdentifier>{93995380-89BD-4b04-88EB-625FBE52EBFB}</UniqueIdentifier>
      <Extensions>h;hpp;hxx;hm;inl;inc;xsd</Extensions>
    </Filter>
    <Filter Include="Resource Files">
      <UniqueIdentifier>{D9D6E242-F8AF-46E4-B9FD-80ECBC20BA3E}</UniqueIdentifier>
      <Extensions>qrc;*</Extensions>
      <ParseFiles>false</ParseFiles>
    </Filter>
    <Filter Include="Resource Files">
      <UniqueIdentifier>{D9D6E242-F8AF-46E4-B9FD-80ECBC20BA3E}</UniqueIdentifier>
      <Extensions>qrc;*</Extensions>
      <ParseFiles>false</ParseFiles>
    </Filter>
    <Filter Include="Source Files">
      <UniqueIdentifier>{4FC737F1-C7A5-4376-A066-2A32D752A2FF}</UniqueIdentifier>
      <Extensions>cpp;c;cxx;def;odl;idl;hpj;bat;asm;asmx</Extensions>
    </Filter>
    <Filter Include="Source Files">
      <UniqueIdentifier>{4FC737F1-C7A5-4376-A066-2A32D752A2FF}</UniqueIdentifier>
      <Extensions>cpp;c;cxx;def;odl;idl;hpj;bat;asm;asmx</Extensions>
    </Filter>
    <Filter Include="Distribution Files">
      <UniqueIdentifier>{B83CAF91-C7BF-462F-B76C-EA11631F866C}</UniqueIdentifier>
      <Extensions>*</Extensions>
      <ParseFiles>false</ParseFiles>
    </Filter>
    <Filter Include="Distribution Files">
      <UniqueIdentifier>{B83CAF91-C7BF-462F-B76C-EA11631F866C}</UniqueIdentifier>
      <Extensions>*</Extensions>
      <ParseFiles>false</ParseFiles>
    </Filter>
    <Filter Include="Header Files\MeshStruct">
      <UniqueIdentifier>{79c71e8f-b5e3-4027-b340-f66c901a6c54}</UniqueIdentifier>
    </Filter>
    <Filter Include="Header Files\SWCStruct">
      <UniqueIdentifier>{925b638a-6434-4f66-84da-a763c778d1f9}</UniqueIdentifier>
    </Filter>
    <Filter Include="Header Files\BaseStruct">
      <UniqueIdentifier>{ca5080f4-458b-4070-8cd4-f4e46bcff92c}</UniqueIdentifier>
    </Filter>
  </ItemGroup>
  <ItemGroup>
    <ClCompile Include="global.cpp">
      <Filter>Source Files</Filter>
    </ClCompile>
    <ClCompile Include="lunacylender.cpp">
      <Filter>Source Files</Filter>
    </ClCompile>
    <ClCompile Include="lunamatrix.cpp">
      <Filter>Source Files</Filter>
    </ClCompile>
    <ClCompile Include="main.cpp">
      <Filter>Source Files</Filter>
    </ClCompile>
    <ClCompile Include="mainwindow.cpp">
      <Filter>Source Files</Filter>
    </ClCompile>
    <ClCompile Include="neurogeometry.cpp">
      <Filter>Source Files</Filter>
    </ClCompile>
    <ClCompile Include="object.cpp">
      <Filter>Source Files</Filter>
    </ClCompile>
    <ClCompile Include="renderneurite.cpp">
      <Filter>Source Files</Filter>
    </ClCompile>
    <ClCompile Include="rendersoma.cpp">
      <Filter>Source Files</Filter>
    </ClCompile>
    <ClCompile Include="resourcemanager.cpp">
      <Filter>Source Files</Filter>
    </ClCompile>
    <ClCompile Include="rwidget.cpp">
      <Filter>Source Files</Filter>
    </ClCompile>
    <ClCompile Include="shader.cpp">
      <Filter>Source Files</Filter>
    </ClCompile>
    <ClCompile Include="swcfiledata.cpp">
      <Filter>Source Files</Filter>
    </ClCompile>
    <ClCompile Include="vec3.cpp">
      <Filter>Source Files</Filter>
    </ClCompile>
  </ItemGroup>
  <ItemGroup>
    <ClInclude Include="global.h">
      <Filter>Header Files</Filter>
    </ClInclude>
    <QtMoc Include="mainwindow.h">
      <Filter>Header Files</Filter>
    </QtMoc>
    <ClInclude Include="renderneurite.h">
      <Filter>Header Files</Filter>
    </ClInclude>
    <ClInclude Include="rendersoma.h">
      <Filter>Header Files</Filter>
    </ClInclude>
    <ClInclude Include="resourcemanager.h">
      <Filter>Header Files</Filter>
    </ClInclude>
    <ClInclude Include="rwidget.h">
      <Filter>Header Files</Filter>
    </ClInclude>
    <ClInclude Include="shader.h">
      <Filter>Header Files</Filter>
    </ClInclude>
    <ClInclude Include="lunacylender.h">
      <Filter>Header Files\BaseStruct</Filter>
    </ClInclude>
    <ClInclude Include="lunamatrix.h">
      <Filter>Header Files\BaseStruct</Filter>
    </ClInclude>
    <ClInclude Include="include\neuropoint.h">
      <Filter>Header Files\SWCStruct</Filter>
    </ClInclude>
    <ClInclude Include="include\neurogeometry.h">
      <Filter>Header Files\SWCStruct</Filter>
    </ClInclude>
    <ClInclude Include="include\swcfiledata.h">
      <Filter>Header Files\SWCStruct</Filter>
    </ClInclude>
    <ClInclude Include="include\vec3.h">
      <Filter>Header Files\BaseStruct</Filter>
    </ClInclude>
    <ClInclude Include="object.h">
      <Filter>Header Files\BaseStruct</Filter>
    </ClInclude>
    <ClInclude Include="MVert.h">
      <Filter>Header Files\MeshStruct</Filter>
    </ClInclude>
  </ItemGroup>
  <ItemGroup>
    <CustomBuild Include="debug\moc_predefs.h.cbt">
      <Filter>Generated Files</Filter>
    </CustomBuild>
    <CustomBuild Include="release\moc_predefs.h.cbt">
      <Filter>Generated Files</Filter>
    </CustomBuild>
  </ItemGroup>
  <ItemGroup>
    <QtUic Include="mainwindow.ui">
      <Filter>Form Files</Filter>
    </QtUic>
  </ItemGroup>
  <ItemGroup>
    <None Include="cube.frag">
      <Filter>Resource Files</Filter>
    </None>
    <None Include="cube.vert">
      <Filter>Resource Files</Filter>
    </None>
    <QtRcc Include="shader.qrc">
      <Filter>Resource Files</Filter>
    </QtRcc>
    <QtRcc Include="swc.qrc">
      <Filter>Resource Files</Filter>
    </QtRcc>
    <None Include="test2.swc">
      <Filter>Resource Files</Filter>
    </None>
    <None Include="triangle.frag">
      <Filter>Resource Files</Filter>
    </None>
    <None Include="triangle.vert">
      <Filter>Resource Files</Filter>
    </None>
    <None Include="test2.swc" />
  </ItemGroup>
  <ItemGroup>
    <None Include="test2.swc">
      <Filter>Distribution Files</Filter>
    </None>
  </ItemGroup>
</Project>